
Microsoft Visual Studio Solution File, Format Version 12.00
# Visual Studio Version 16
VisualStudioVersion = 16.0.31702.278
MinimumVisualStudioVersion = 10.0.40219.1
Project("{FAE04EC0-301F-11D3-BF4B-00C04F79EFBC}") = "DXApplication1", "DXApplication1\DXApplication1.csproj", "{AED7E48B-50D1-4C5D-864F-6258D8A2F423}"
EndProject
Global
	GlobalSection(SolutionConfigurationPlatforms) = preSolution
		Debug|Any CPU = Debug|Any CPU
		Release|Any CPU = Release|Any CPU
	EndGlobalSection
	GlobalSection(ProjectConfigurationPlatforms) = postSolution
		{AED7E48B-50D1-4C5D-864F-6258D8A2F423}.Debug|Any CPU.ActiveCfg = Debug|Any CPU
		{AED7E48B-50D1-4C5D-864F-6258D8A2F423}.Debug|Any CPU.Build.0 = Debug|Any CPU
		{AED7E48B-50D1-4C5D-864F-6258D8A2F423}.Release|Any CPU.ActiveCfg = Release|Any CPU
		{AED7E48B-50D1-4C5D-864F-6258D8A2F423}.Release|Any CPU.Build.0 = Release|Any CPU
	EndGlobalSection
	GlobalSection(SolutionProperties) = preSolution
		HideSolutionNode = FALSE
	EndGlobalSection
	GlobalSection(ExtensibilityGlobals) = postSolution
		SolutionGuid = {CF45FDD5-4B03-4E15-BF06-D236C7981730}
	EndGlobalSection
EndGlobal
